# THIS IS AN AUTOGENERATED FILE. DO NOT EDIT THIS FILE DIRECTLY.
# yarn lockfile v1


"@types/three@^0.140.0":
  version "0.140.0"
  resolved "https://registry.yarnpkg.com/@types/three/-/three-0.140.0.tgz#3b74a021a69a6e2cd0e2550def15aa4c1c20e924"
  integrity sha512-YPJLSIY6uKUOp1k6BZYDq5GtEIdhfeK04UCbc9IPAVbdn/RNjkfrbnyd7smrsNkJhc0IFASLpd3AAYgwqgXKVQ==

three@^0.140.2:
  version "0.140.2"
  resolved "https://registry.yarnpkg.com/three/-/three-0.140.2.tgz#ca0b7390d1ce4f7f2850e80afd00ef48fc244491"
  integrity sha512-DdT/AHm/TbZXEhQKQpGt5/iSgBrmXpjU26FNtj1KhllVPTKj1eG4X/ShyD5W2fngE+I1s1wa4ttC4C3oCJt7Ag==

typescript@^4.6.4:
  version "4.6.4"
  resolved "https://registry.npmjs.org/typescript/-/typescript-4.6.4.tgz"
  integrity sha512-9ia/jWHIEbo49HfjrLGfKbZSuWo9iTMwXO+Ca3pRsSpbsMbc7/IU8NKdCZVRRBafVPGnoJeFL76ZOAA84I9fEg==
